github.com/cetinboran/goarg v1.0.2 h1:VUgVtZ8FiTcslpHy2RfKivJjP1G12EAmGBu2lQy9sCo=
github.com/cetinboran/goarg v1.0.2/go.mod h1:rZunXhucZDNTdjZd7gYFOiapb8qoKY3qcLo/PMFBjUM=
github.com/cetinboran/gojson v1.0.5 h1:sJ7aL/m5NQ0t5M9S6mbM6hUwPzbAaqeF0C67CYev84E=
github.com/cetinboran/gojson v1.0.5/go.mod h1:tHT8aymKPzyYbK+9Ab19lw2fvAMsHMeEeUYUu/obQNE=
