github.com/cetinboran/goarg v0.0.0-20230819155520-86031a36158e h1:eklveW5xLKvtVybutljw2Dral/Guf56WcjVJj5qOMFs=
github.com/cetinboran/goarg v0.0.0-20230819155520-86031a36158e/go.mod h1:rZunXhucZDNTdjZd7gYFOiapb8qoKY3qcLo/PMFBjUM=
github.com/cetinboran/goarg v0.0.0-20230819181932-39eb8d104c48 h1:Y1bIsQiVMH8gyDtb5PRPE1C7V5BPE/Q7Nj45CwwcdXI=
github.com/cetinboran/goarg v0.0.0-20230819181932-39eb8d104c48/go.mod h1:rZunXhucZDNTdjZd7gYFOiapb8qoKY3qcLo/PMFBjUM=
