github.com/cetinboran/goarg v1.0.2 h1:VUgVtZ8FiTcslpHy2RfKivJjP1G12EAmGBu2lQy9sCo=
github.com/cetinboran/goarg v1.0.2/go.mod h1:rZunXhucZDNTdjZd7gYFOiapb8qoKY3qcLo/PMFBjUM=
github.com/cetinboran/gojson v1.0.0 h1:+mv8P5w4LhLSBmne6gPIKC6O3HCjbnpWu3YmldMHD6E=
github.com/cetinboran/gojson v1.0.0/go.mod h1:tHT8aymKPzyYbK+9Ab19lw2fvAMsHMeEeUYUu/obQNE=
